{
  "name": "test_package",
  "version": "1.0.0",
  "lockfileVersion": 2,
  "requires": true,
  "packages": {
    "": {
      "version": "1.0.0",
      "license": "ISC",
      "dependencies": {
        "empty_arr_test": "^1.1.0"
      }
    },
    "node_modules/empty_arr_test": {
      "version": "1.1.0",
      "resolved": "https://registry.npmjs.org/empty_arr_test/-/empty_arr_test-1.1.0.tgz",
      "integrity": "sha512-63vHqJ6qjyPTuOHb/cz8lDmffBGrS5fytIM/3ERsyNDVqZt15cUarX+ngZQzMZAjLyzl7gwRJpjiE/9hZiloKA==",
      "dependencies": {
        "lodash": "^4.17.21"
      }
    },
    "node_modules/lodash": {
      "version": "4.17.21",
      "resolved": "https://registry.npmjs.org/lodash/-/lodash-4.17.21.tgz",
      "integrity": "sha512-v2kDEe57lecTulaDIuNTPy3Ry4gLGJ6Z1O3vE1krgXZNrsQ+LFTGHVxVjcXPs17LhbZVGedAJv8XZ1tvj5FvSg=="
    }
  },
  "dependencies": {
    "empty_arr_test": {
      "version": "1.1.0",
      "resolved": "https://registry.npmjs.org/empty_arr_test/-/empty_arr_test-1.1.0.tgz",
      "integrity": "sha512-63vHqJ6qjyPTuOHb/cz8lDmffBGrS5fytIM/3ERsyNDVqZt15cUarX+ngZQzMZAjLyzl7gwRJpjiE/9hZiloKA==",
      "requires": {
        "lodash": "^4.17.21"
      }
    },
    "lodash": {
      "version": "4.17.21",
      "resolved": "https://registry.npmjs.org/lodash/-/lodash-4.17.21.tgz",
      "integrity": "sha512-v2kDEe57lecTulaDIuNTPy3Ry4gLGJ6Z1O3vE1krgXZNrsQ+LFTGHVxVjcXPs17LhbZVGedAJv8XZ1tvj5FvSg=="
    }
  }
}
